
Microsoft Visual Studio Solution File, Format Version 12.00
# Visual Studio Version 17
VisualStudioVersion = 17.9.34607.119
MinimumVisualStudioVersion = 10.0.40219.1
Project("{FAE04EC0-301F-11D3-BF4B-00C04F79EFBC}") = "AgendaWebApp", "AgendaWebApp.csproj", "{FB5A125C-84A2-42F6-9E12-F7726DC9603C}"
EndProject
Global
	GlobalSection(SolutionConfigurationPlatforms) = preSolution
		Debug|Any CPU = Debug|Any CPU
		Release|Any CPU = Release|Any CPU
	EndGlobalSection
	GlobalSection(ProjectConfigurationPlatforms) = postSolution
		{FB5A125C-84A2-42F6-9E12-F7726DC9603C}.Debug|Any CPU.ActiveCfg = Debug|Any CPU
		{FB5A125C-84A2-42F6-9E12-F7726DC9603C}.Debug|Any CPU.Build.0 = Debug|Any CPU
		{FB5A125C-84A2-42F6-9E12-F7726DC9603C}.Release|Any CPU.ActiveCfg = Release|Any CPU
		{FB5A125C-84A2-42F6-9E12-F7726DC9603C}.Release|Any CPU.Build.0 = Release|Any CPU
	EndGlobalSection
	GlobalSection(SolutionProperties) = preSolution
		HideSolutionNode = FALSE
	EndGlobalSection
	GlobalSection(ExtensibilityGlobals) = postSolution
		SolutionGuid = {00585B98-8FE0-4D02-965F-9517DC494660}
	EndGlobalSection
EndGlobal
