
Microsoft Visual Studio Solution File, Format Version 12.00
# Visual Studio Version 17
VisualStudioVersion = 17.7.34202.233
MinimumVisualStudioVersion = 10.0.40219.1
Project("{FAE04EC0-301F-11D3-BF4B-00C04F79EFBC}") = "AgendaWebApp", "AgendaWebApp.csproj", "{AA3ABADF-32DD-4453-B3F0-C23E9B335ED0}"
EndProject
Global
	GlobalSection(SolutionConfigurationPlatforms) = preSolution
		Debug|Any CPU = Debug|Any CPU
		Release|Any CPU = Release|Any CPU
	EndGlobalSection
	GlobalSection(ProjectConfigurationPlatforms) = postSolution
		{AA3ABADF-32DD-4453-B3F0-C23E9B335ED0}.Debug|Any CPU.ActiveCfg = Debug|Any CPU
		{AA3ABADF-32DD-4453-B3F0-C23E9B335ED0}.Debug|Any CPU.Build.0 = Debug|Any CPU
		{AA3ABADF-32DD-4453-B3F0-C23E9B335ED0}.Release|Any CPU.ActiveCfg = Release|Any CPU
		{AA3ABADF-32DD-4453-B3F0-C23E9B335ED0}.Release|Any CPU.Build.0 = Release|Any CPU
	EndGlobalSection
	GlobalSection(SolutionProperties) = preSolution
		HideSolutionNode = FALSE
	EndGlobalSection
	GlobalSection(ExtensibilityGlobals) = postSolution
		SolutionGuid = {E13AE2E2-F94A-4DCD-8278-D342919AEE23}
	EndGlobalSection
EndGlobal
